
Microsoft Visual Studio Solution File, Format Version 12.00
# Visual Studio Version 17
VisualStudioVersion = 17.9.34723.18
MinimumVisualStudioVersion = 10.0.40219.1
Project("{FAE04EC0-301F-11D3-BF4B-00C04F79EFBC}") = "IQAirSP-Projekat1", "IQAirSP-Projekat1\IQAirSP-Projekat1.csproj", "{BAEE02A2-8948-42B5-8B9B-C117D26E6F12}"
EndProject
Global
	GlobalSection(SolutionConfigurationPlatforms) = preSolution
		Debug|Any CPU = Debug|Any CPU
		Release|Any CPU = Release|Any CPU
	EndGlobalSection
	GlobalSection(ProjectConfigurationPlatforms) = postSolution
		{BAEE02A2-8948-42B5-8B9B-C117D26E6F12}.Debug|Any CPU.ActiveCfg = Debug|Any CPU
		{BAEE02A2-8948-42B5-8B9B-C117D26E6F12}.Debug|Any CPU.Build.0 = Debug|Any CPU
		{BAEE02A2-8948-42B5-8B9B-C117D26E6F12}.Release|Any CPU.ActiveCfg = Release|Any CPU
		{BAEE02A2-8948-42B5-8B9B-C117D26E6F12}.Release|Any CPU.Build.0 = Release|Any CPU
	EndGlobalSection
	GlobalSection(SolutionProperties) = preSolution
		HideSolutionNode = FALSE
	EndGlobalSection
	GlobalSection(ExtensibilityGlobals) = postSolution
		SolutionGuid = {BED3F913-D25E-47AC-9146-AF358C515DDE}
	EndGlobalSection
EndGlobal
